apiVersion: backstage.io/v1alpha1
kind: API
metadata:
  name: microsoftAzureUploadrootcauseanalysisdatabyblock
  description: Needs a more full description created.
  tags: []
  links:
    - title: Link
      icon: code
      url: https://example.com
spec:
  type: openapi
  lifecycle: experimental
  owner: team-c
  definition: |
    openapi: 3.1.0
    info:
      title: Upload Data To Root Cause Analysis Data Set By Block
      description: Needs a more full description created.
    paths:
      /rootCauseAnalysis/dataSets/{dataSetId}/timestamps:upload:
        post:
          summary: Upload Data To Root Cause Analysis Data Set By Block
          description: Needs a more full description created.
          operationId: microsoftAzureUploadrootcauseanalysisdatabyblock
          responses:
            default:
              description: Client error or server error (4xx or 5xx)
              schema:
                $ref: '#/definitions/ErrorDetail'
              headers:
                x-ms-error-code:
                  description: error code
                  type: string
