apiVersion: backstage.io/v1alpha1
kind: API
metadata:
  name: locks-a-key-value
  description: Needs a more full description created.
  tags: []
  links:
    - title: Link
      icon: code
      url: https://example.com
spec:
  type: openapi
  lifecycle: experimental
  owner: team-c
  definition: |
    openapi: 3.1.0
    info:
      title: Locks A Key-value.
      description: Needs a more full description created.
    paths:
      /locks/{key}:
        put:
          summary: Locks A Key-value.
          description: Needs a more full description created.
          operationId: putLock
          responses:
            default:
              description: Error response describing why the operation failed
              schema:
                $ref: '#/definitions/Error'
